
Microsoft Visual Studio Solution File, Format Version 12.00
# Visual Studio 15
VisualStudioVersion = 15.0.27703.2042
MinimumVisualStudioVersion = 10.0.40219.1
Project("{FAE04EC0-301F-11D3-BF4B-00C04F79EFBC}") = "WorkflowContabil", "WorkflowContabil\WorkflowContabil.csproj", "{E1770D08-1ED2-4B7C-B1EA-4B23ACA464AD}"
EndProject
Global
	GlobalSection(SolutionConfigurationPlatforms) = preSolution
		Debug|Any CPU = Debug|Any CPU
		Release|Any CPU = Release|Any CPU
	EndGlobalSection
	GlobalSection(ProjectConfigurationPlatforms) = postSolution
		{E1770D08-1ED2-4B7C-B1EA-4B23ACA464AD}.Debug|Any CPU.ActiveCfg = Debug|Any CPU
		{E1770D08-1ED2-4B7C-B1EA-4B23ACA464AD}.Debug|Any CPU.Build.0 = Debug|Any CPU
		{E1770D08-1ED2-4B7C-B1EA-4B23ACA464AD}.Release|Any CPU.ActiveCfg = Release|Any CPU
		{E1770D08-1ED2-4B7C-B1EA-4B23ACA464AD}.Release|Any CPU.Build.0 = Release|Any CPU
	EndGlobalSection
	GlobalSection(SolutionProperties) = preSolution
		HideSolutionNode = FALSE
	EndGlobalSection
	GlobalSection(ExtensibilityGlobals) = postSolution
		SolutionGuid = {FA7DCE64-8777-4D7F-A433-F205BE781CB7}
	EndGlobalSection
EndGlobal
